
Microsoft Visual Studio Solution File, Format Version 12.00
# Visual Studio Version 17
VisualStudioVersion = 17.3.32929.385
MinimumVisualStudioVersion = 10.0.40219.1
Project("{9A19103F-16F7-4668-BE54-9A1E7A4F7556}") = "LeetcodeGrind", "LeetcodeGrind\LeetcodeGrind.csproj", "{1E3D2E3B-7EAE-4ABA-8D1A-F75503242548}"
EndProject
Project("{9A19103F-16F7-4668-BE54-9A1E7A4F7556}") = "LeetcodeGrindTests", "LeetcodeGrindTests\LeetcodeGrindTests.csproj", "{B2EF0C87-8837-467D-A08B-BFEBDA5F467C}"
EndProject
Project("{2150E333-8FDC-42A3-9474-1A3956D46DE8}") = "Solution Items", "Solution Items", "{A07AD939-EA52-4128-94B0-3E1570A3A98A}"
	ProjectSection(SolutionItems) = preProject
		.editorconfig = .editorconfig
	EndProjectSection
EndProject
Global
	GlobalSection(SolutionConfigurationPlatforms) = preSolution
		Debug|Any CPU = Debug|Any CPU
		Release|Any CPU = Release|Any CPU
	EndGlobalSection
	GlobalSection(ProjectConfigurationPlatforms) = postSolution
		{1E3D2E3B-7EAE-4ABA-8D1A-F75503242548}.Debug|Any CPU.ActiveCfg = Debug|Any CPU
		{1E3D2E3B-7EAE-4ABA-8D1A-F75503242548}.Debug|Any CPU.Build.0 = Debug|Any CPU
		{1E3D2E3B-7EAE-4ABA-8D1A-F75503242548}.Release|Any CPU.ActiveCfg = Release|Any CPU
		{1E3D2E3B-7EAE-4ABA-8D1A-F75503242548}.Release|Any CPU.Build.0 = Release|Any CPU
		{B2EF0C87-8837-467D-A08B-BFEBDA5F467C}.Debug|Any CPU.ActiveCfg = Debug|Any CPU
		{B2EF0C87-8837-467D-A08B-BFEBDA5F467C}.Debug|Any CPU.Build.0 = Debug|Any CPU
		{B2EF0C87-8837-467D-A08B-BFEBDA5F467C}.Release|Any CPU.ActiveCfg = Release|Any CPU
		{B2EF0C87-8837-467D-A08B-BFEBDA5F467C}.Release|Any CPU.Build.0 = Release|Any CPU
	EndGlobalSection
	GlobalSection(SolutionProperties) = preSolution
		HideSolutionNode = FALSE
	EndGlobalSection
	GlobalSection(ExtensibilityGlobals) = postSolution
		SolutionGuid = {B8B7E4FB-5F24-4084-B89E-9805215C46B3}
	EndGlobalSection
EndGlobal
